
Microsoft Visual Studio Solution File, Format Version 12.00
# Visual Studio Version 17
VisualStudioVersion = 17.9.34728.123
MinimumVisualStudioVersion = 10.0.40219.1
Project("{8BC9CEB8-8B4A-11D0-8D11-00A0C91BC942}") = "CompassPlugin", "CompassPlugin\CompassPlugin.vcxproj", "{1F277063-7678-44D9-A687-520F2AC2EC54}"
EndProject
Project("{8BC9CEB8-8B4A-11D0-8D11-00A0C91BC942}") = "AutoSavePlugin", "AutoSavePlugin\AutoSavePlugin.vcxproj", "{1A7430CA-E6AB-407D-B589-4350801D2DD6}"
EndProject
Project("{8BC9CEB8-8B4A-11D0-8D11-00A0C91BC942}") = "G1NoRMBJump", "G1NoRMBJump\G1NoRMBJump.vcxproj", "{C6C67259-194C-4106-BE64-F6E5EDD77F9A}"
EndProject
Project("{8BC9CEB8-8B4A-11D0-8D11-00A0C91BC942}") = "ezDialogueSkipper", "ezDialogueSkipper\ezDialogueSkipper.vcxproj", "{22712DAC-43CF-445A-B4AA-03218FC3ECFC}"
EndProject
Project("{8BC9CEB8-8B4A-11D0-8D11-00A0C91BC942}") = "VobLocatorPlugin", "VobLocatorPlugin\VobLocatorPlugin.vcxproj", "{509BF65C-9FFB-45B8-9B4E-D3042147C76F}"
EndProject
Project("{8BC9CEB8-8B4A-11D0-8D11-00A0C91BC942}") = "QuickSlotsPlugin", "QuickSlotsPlugin\QuickSlotsPlugin.vcxproj", "{01770843-C1EF-4E45-BCCB-2AF12E51B21E}"
EndProject
Project("{8BC9CEB8-8B4A-11D0-8D11-00A0C91BC942}") = "TwoSwordsOneMan", "TwoSwordsOneMan\TwoSwordsOneMan.vcxproj", "{ED3E829D-4EF8-4F4D-96B1-D0A6DB17C2A0}"
EndProject
Project("{8BC9CEB8-8B4A-11D0-8D11-00A0C91BC942}") = "PreventItemSelling", "PreventItemSelling\PreventItemSelling.vcxproj", "{FABDB77B-39C0-4DF7-99DA-44536E05275B}"
EndProject
Project("{8BC9CEB8-8B4A-11D0-8D11-00A0C91BC942}") = "GFA", "GFA\GFA.vcxproj", "{DBB4EF7F-E1E3-44AF-A60B-08967A8930C9}"
EndProject
Project("{8BC9CEB8-8B4A-11D0-8D11-00A0C91BC942}") = "FlyingCreaturesFix", "FlyingCreaturesFix\FlyingCreaturesFix.vcxproj", "{15B336CE-D974-457F-9FE0-BD1D0F094690}"
EndProject
Global
	GlobalSection(SolutionConfigurationPlatforms) = preSolution
		G1|x86 = G1|x86
		G1A|x86 = G1A|x86
		G1Ad|x86 = G1Ad|x86
		G1d|x86 = G1d|x86
		G2|x86 = G2|x86
		G2A|x86 = G2A|x86
		G2Ad|x86 = G2Ad|x86
		G2d|x86 = G2d|x86
		MPx2|x86 = MPx2|x86
		MPx2d|x86 = MPx2d|x86
		MPx4|x86 = MPx4|x86
		MPx4d|x86 = MPx4d|x86
	EndGlobalSection
	GlobalSection(ProjectConfigurationPlatforms) = postSolution
		{1F277063-7678-44D9-A687-520F2AC2EC54}.G1|x86.ActiveCfg = MPx4|Win32
		{1F277063-7678-44D9-A687-520F2AC2EC54}.G1|x86.Build.0 = MPx4|Win32
		{1F277063-7678-44D9-A687-520F2AC2EC54}.G1A|x86.ActiveCfg = G1A|Win32
		{1F277063-7678-44D9-A687-520F2AC2EC54}.G1A|x86.Build.0 = G1A|Win32
		{1F277063-7678-44D9-A687-520F2AC2EC54}.G1Ad|x86.ActiveCfg = G1Ad|Win32
		{1F277063-7678-44D9-A687-520F2AC2EC54}.G1Ad|x86.Build.0 = G1Ad|Win32
		{1F277063-7678-44D9-A687-520F2AC2EC54}.G1d|x86.ActiveCfg = G1d|Win32
		{1F277063-7678-44D9-A687-520F2AC2EC54}.G1d|x86.Build.0 = G1d|Win32
		{1F277063-7678-44D9-A687-520F2AC2EC54}.G2|x86.ActiveCfg = G2|Win32
		{1F277063-7678-44D9-A687-520F2AC2EC54}.G2|x86.Build.0 = G2|Win32
		{1F277063-7678-44D9-A687-520F2AC2EC54}.G2A|x86.ActiveCfg = G2A|Win32
		{1F277063-7678-44D9-A687-520F2AC2EC54}.G2A|x86.Build.0 = G2A|Win32
		{1F277063-7678-44D9-A687-520F2AC2EC54}.G2Ad|x86.ActiveCfg = G2Ad|Win32
		{1F277063-7678-44D9-A687-520F2AC2EC54}.G2Ad|x86.Build.0 = G2Ad|Win32
		{1F277063-7678-44D9-A687-520F2AC2EC54}.G2d|x86.ActiveCfg = G2d|Win32
		{1F277063-7678-44D9-A687-520F2AC2EC54}.G2d|x86.Build.0 = G2d|Win32
		{1F277063-7678-44D9-A687-520F2AC2EC54}.MPx2|x86.ActiveCfg = MPx4|Win32
		{1F277063-7678-44D9-A687-520F2AC2EC54}.MPx2|x86.Build.0 = MPx4|Win32
		{1F277063-7678-44D9-A687-520F2AC2EC54}.MPx2d|x86.ActiveCfg = MPx2d|Win32
		{1F277063-7678-44D9-A687-520F2AC2EC54}.MPx2d|x86.Build.0 = MPx2d|Win32
		{1F277063-7678-44D9-A687-520F2AC2EC54}.MPx4|x86.ActiveCfg = MPx4|Win32
		{1F277063-7678-44D9-A687-520F2AC2EC54}.MPx4|x86.Build.0 = MPx4|Win32
		{1F277063-7678-44D9-A687-520F2AC2EC54}.MPx4d|x86.ActiveCfg = MPx4d|Win32
		{1F277063-7678-44D9-A687-520F2AC2EC54}.MPx4d|x86.Build.0 = MPx4d|Win32
		{1A7430CA-E6AB-407D-B589-4350801D2DD6}.G1|x86.ActiveCfg = MPx4|Win32
		{1A7430CA-E6AB-407D-B589-4350801D2DD6}.G1|x86.Build.0 = MPx4|Win32
		{1A7430CA-E6AB-407D-B589-4350801D2DD6}.G1A|x86.ActiveCfg = G1A|Win32
		{1A7430CA-E6AB-407D-B589-4350801D2DD6}.G1A|x86.Build.0 = G1A|Win32
		{1A7430CA-E6AB-407D-B589-4350801D2DD6}.G1Ad|x86.ActiveCfg = G1Ad|Win32
		{1A7430CA-E6AB-407D-B589-4350801D2DD6}.G1Ad|x86.Build.0 = G1Ad|Win32
		{1A7430CA-E6AB-407D-B589-4350801D2DD6}.G1d|x86.ActiveCfg = G1d|Win32
		{1A7430CA-E6AB-407D-B589-4350801D2DD6}.G1d|x86.Build.0 = G1d|Win32
		{1A7430CA-E6AB-407D-B589-4350801D2DD6}.G2|x86.ActiveCfg = G2|Win32
		{1A7430CA-E6AB-407D-B589-4350801D2DD6}.G2|x86.Build.0 = G2|Win32
		{1A7430CA-E6AB-407D-B589-4350801D2DD6}.G2A|x86.ActiveCfg = G2A|Win32
		{1A7430CA-E6AB-407D-B589-4350801D2DD6}.G2A|x86.Build.0 = G2A|Win32
		{1A7430CA-E6AB-407D-B589-4350801D2DD6}.G2Ad|x86.ActiveCfg = G2Ad|Win32
		{1A7430CA-E6AB-407D-B589-4350801D2DD6}.G2Ad|x86.Build.0 = G2Ad|Win32
		{1A7430CA-E6AB-407D-B589-4350801D2DD6}.G2d|x86.ActiveCfg = G2d|Win32
		{1A7430CA-E6AB-407D-B589-4350801D2DD6}.G2d|x86.Build.0 = G2d|Win32
		{1A7430CA-E6AB-407D-B589-4350801D2DD6}.MPx2|x86.ActiveCfg = MPx4|Win32
		{1A7430CA-E6AB-407D-B589-4350801D2DD6}.MPx2|x86.Build.0 = MPx4|Win32
		{1A7430CA-E6AB-407D-B589-4350801D2DD6}.MPx2d|x86.ActiveCfg = MPx2d|Win32
		{1A7430CA-E6AB-407D-B589-4350801D2DD6}.MPx2d|x86.Build.0 = MPx2d|Win32
		{1A7430CA-E6AB-407D-B589-4350801D2DD6}.MPx4|x86.ActiveCfg = MPx4|Win32
		{1A7430CA-E6AB-407D-B589-4350801D2DD6}.MPx4|x86.Build.0 = MPx4|Win32
		{1A7430CA-E6AB-407D-B589-4350801D2DD6}.MPx4d|x86.ActiveCfg = MPx4d|Win32
		{1A7430CA-E6AB-407D-B589-4350801D2DD6}.MPx4d|x86.Build.0 = MPx4d|Win32
		{C6C67259-194C-4106-BE64-F6E5EDD77F9A}.G1|x86.ActiveCfg = G1|Win32
		{C6C67259-194C-4106-BE64-F6E5EDD77F9A}.G1|x86.Build.0 = G1|Win32
		{C6C67259-194C-4106-BE64-F6E5EDD77F9A}.G1A|x86.ActiveCfg = G1A|Win32
		{C6C67259-194C-4106-BE64-F6E5EDD77F9A}.G1A|x86.Build.0 = G1A|Win32
		{C6C67259-194C-4106-BE64-F6E5EDD77F9A}.G1Ad|x86.ActiveCfg = G1Ad|Win32
		{C6C67259-194C-4106-BE64-F6E5EDD77F9A}.G1Ad|x86.Build.0 = G1Ad|Win32
		{C6C67259-194C-4106-BE64-F6E5EDD77F9A}.G1d|x86.ActiveCfg = G1d|Win32
		{C6C67259-194C-4106-BE64-F6E5EDD77F9A}.G1d|x86.Build.0 = G1d|Win32
		{C6C67259-194C-4106-BE64-F6E5EDD77F9A}.G2|x86.ActiveCfg = G2|Win32
		{C6C67259-194C-4106-BE64-F6E5EDD77F9A}.G2|x86.Build.0 = G2|Win32
		{C6C67259-194C-4106-BE64-F6E5EDD77F9A}.G2A|x86.ActiveCfg = G2A|Win32
		{C6C67259-194C-4106-BE64-F6E5EDD77F9A}.G2A|x86.Build.0 = G2A|Win32
		{C6C67259-194C-4106-BE64-F6E5EDD77F9A}.G2Ad|x86.ActiveCfg = G2Ad|Win32
		{C6C67259-194C-4106-BE64-F6E5EDD77F9A}.G2Ad|x86.Build.0 = G2Ad|Win32
		{C6C67259-194C-4106-BE64-F6E5EDD77F9A}.G2d|x86.ActiveCfg = G2d|Win32
		{C6C67259-194C-4106-BE64-F6E5EDD77F9A}.G2d|x86.Build.0 = G2d|Win32
		{C6C67259-194C-4106-BE64-F6E5EDD77F9A}.MPx2|x86.ActiveCfg = G1|Win32
		{C6C67259-194C-4106-BE64-F6E5EDD77F9A}.MPx2|x86.Build.0 = G1|Win32
		{C6C67259-194C-4106-BE64-F6E5EDD77F9A}.MPx2d|x86.ActiveCfg = MPx2d|Win32
		{C6C67259-194C-4106-BE64-F6E5EDD77F9A}.MPx2d|x86.Build.0 = MPx2d|Win32
		{C6C67259-194C-4106-BE64-F6E5EDD77F9A}.MPx4|x86.ActiveCfg = G1|Win32
		{C6C67259-194C-4106-BE64-F6E5EDD77F9A}.MPx4|x86.Build.0 = G1|Win32
		{C6C67259-194C-4106-BE64-F6E5EDD77F9A}.MPx4d|x86.ActiveCfg = MPx4d|Win32
		{C6C67259-194C-4106-BE64-F6E5EDD77F9A}.MPx4d|x86.Build.0 = MPx4d|Win32
		{22712DAC-43CF-445A-B4AA-03218FC3ECFC}.G1|x86.ActiveCfg = MPx4|Win32
		{22712DAC-43CF-445A-B4AA-03218FC3ECFC}.G1|x86.Build.0 = MPx4|Win32
		{22712DAC-43CF-445A-B4AA-03218FC3ECFC}.G1A|x86.ActiveCfg = G1A|Win32
		{22712DAC-43CF-445A-B4AA-03218FC3ECFC}.G1A|x86.Build.0 = G1A|Win32
		{22712DAC-43CF-445A-B4AA-03218FC3ECFC}.G1Ad|x86.ActiveCfg = G1Ad|Win32
		{22712DAC-43CF-445A-B4AA-03218FC3ECFC}.G1Ad|x86.Build.0 = G1Ad|Win32
		{22712DAC-43CF-445A-B4AA-03218FC3ECFC}.G1d|x86.ActiveCfg = G1d|Win32
		{22712DAC-43CF-445A-B4AA-03218FC3ECFC}.G1d|x86.Build.0 = G1d|Win32
		{22712DAC-43CF-445A-B4AA-03218FC3ECFC}.G2|x86.ActiveCfg = G2|Win32
		{22712DAC-43CF-445A-B4AA-03218FC3ECFC}.G2|x86.Build.0 = G2|Win32
		{22712DAC-43CF-445A-B4AA-03218FC3ECFC}.G2A|x86.ActiveCfg = G2A|Win32
		{22712DAC-43CF-445A-B4AA-03218FC3ECFC}.G2A|x86.Build.0 = G2A|Win32
		{22712DAC-43CF-445A-B4AA-03218FC3ECFC}.G2Ad|x86.ActiveCfg = G2Ad|Win32
		{22712DAC-43CF-445A-B4AA-03218FC3ECFC}.G2Ad|x86.Build.0 = G2Ad|Win32
		{22712DAC-43CF-445A-B4AA-03218FC3ECFC}.G2d|x86.ActiveCfg = G2d|Win32
		{22712DAC-43CF-445A-B4AA-03218FC3ECFC}.G2d|x86.Build.0 = G2d|Win32
		{22712DAC-43CF-445A-B4AA-03218FC3ECFC}.MPx2|x86.ActiveCfg = MPx4|Win32
		{22712DAC-43CF-445A-B4AA-03218FC3ECFC}.MPx2|x86.Build.0 = MPx4|Win32
		{22712DAC-43CF-445A-B4AA-03218FC3ECFC}.MPx2d|x86.ActiveCfg = MPx2d|Win32
		{22712DAC-43CF-445A-B4AA-03218FC3ECFC}.MPx2d|x86.Build.0 = MPx2d|Win32
		{22712DAC-43CF-445A-B4AA-03218FC3ECFC}.MPx4|x86.ActiveCfg = MPx4|Win32
		{22712DAC-43CF-445A-B4AA-03218FC3ECFC}.MPx4|x86.Build.0 = MPx4|Win32
		{22712DAC-43CF-445A-B4AA-03218FC3ECFC}.MPx4d|x86.ActiveCfg = MPx4d|Win32
		{22712DAC-43CF-445A-B4AA-03218FC3ECFC}.MPx4d|x86.Build.0 = MPx4d|Win32
		{509BF65C-9FFB-45B8-9B4E-D3042147C76F}.G1|x86.ActiveCfg = MPx4|Win32
		{509BF65C-9FFB-45B8-9B4E-D3042147C76F}.G1|x86.Build.0 = MPx4|Win32
		{509BF65C-9FFB-45B8-9B4E-D3042147C76F}.G1A|x86.ActiveCfg = G1A|Win32
		{509BF65C-9FFB-45B8-9B4E-D3042147C76F}.G1A|x86.Build.0 = G1A|Win32
		{509BF65C-9FFB-45B8-9B4E-D3042147C76F}.G1Ad|x86.ActiveCfg = G1Ad|Win32
		{509BF65C-9FFB-45B8-9B4E-D3042147C76F}.G1Ad|x86.Build.0 = G1Ad|Win32
		{509BF65C-9FFB-45B8-9B4E-D3042147C76F}.G1d|x86.ActiveCfg = G1d|Win32
		{509BF65C-9FFB-45B8-9B4E-D3042147C76F}.G1d|x86.Build.0 = G1d|Win32
		{509BF65C-9FFB-45B8-9B4E-D3042147C76F}.G2|x86.ActiveCfg = G2|Win32
		{509BF65C-9FFB-45B8-9B4E-D3042147C76F}.G2|x86.Build.0 = G2|Win32
		{509BF65C-9FFB-45B8-9B4E-D3042147C76F}.G2A|x86.ActiveCfg = G2A|Win32
		{509BF65C-9FFB-45B8-9B4E-D3042147C76F}.G2A|x86.Build.0 = G2A|Win32
		{509BF65C-9FFB-45B8-9B4E-D3042147C76F}.G2Ad|x86.ActiveCfg = G2Ad|Win32
		{509BF65C-9FFB-45B8-9B4E-D3042147C76F}.G2Ad|x86.Build.0 = G2Ad|Win32
		{509BF65C-9FFB-45B8-9B4E-D3042147C76F}.G2d|x86.ActiveCfg = G2d|Win32
		{509BF65C-9FFB-45B8-9B4E-D3042147C76F}.G2d|x86.Build.0 = G2d|Win32
		{509BF65C-9FFB-45B8-9B4E-D3042147C76F}.MPx2|x86.ActiveCfg = MPx4|Win32
		{509BF65C-9FFB-45B8-9B4E-D3042147C76F}.MPx2|x86.Build.0 = MPx4|Win32
		{509BF65C-9FFB-45B8-9B4E-D3042147C76F}.MPx2d|x86.ActiveCfg = MPx2d|Win32
		{509BF65C-9FFB-45B8-9B4E-D3042147C76F}.MPx2d|x86.Build.0 = MPx2d|Win32
		{509BF65C-9FFB-45B8-9B4E-D3042147C76F}.MPx4|x86.ActiveCfg = MPx4|Win32
		{509BF65C-9FFB-45B8-9B4E-D3042147C76F}.MPx4|x86.Build.0 = MPx4|Win32
		{509BF65C-9FFB-45B8-9B4E-D3042147C76F}.MPx4d|x86.ActiveCfg = MPx4d|Win32
		{509BF65C-9FFB-45B8-9B4E-D3042147C76F}.MPx4d|x86.Build.0 = MPx4d|Win32
		{01770843-C1EF-4E45-BCCB-2AF12E51B21E}.G1|x86.ActiveCfg = MPx4|Win32
		{01770843-C1EF-4E45-BCCB-2AF12E51B21E}.G1|x86.Build.0 = MPx4|Win32
		{01770843-C1EF-4E45-BCCB-2AF12E51B21E}.G1A|x86.ActiveCfg = G1A|Win32
		{01770843-C1EF-4E45-BCCB-2AF12E51B21E}.G1A|x86.Build.0 = G1A|Win32
		{01770843-C1EF-4E45-BCCB-2AF12E51B21E}.G1Ad|x86.ActiveCfg = G1Ad|Win32
		{01770843-C1EF-4E45-BCCB-2AF12E51B21E}.G1Ad|x86.Build.0 = G1Ad|Win32
		{01770843-C1EF-4E45-BCCB-2AF12E51B21E}.G1d|x86.ActiveCfg = G1d|Win32
		{01770843-C1EF-4E45-BCCB-2AF12E51B21E}.G1d|x86.Build.0 = G1d|Win32
		{01770843-C1EF-4E45-BCCB-2AF12E51B21E}.G2|x86.ActiveCfg = G2|Win32
		{01770843-C1EF-4E45-BCCB-2AF12E51B21E}.G2|x86.Build.0 = G2|Win32
		{01770843-C1EF-4E45-BCCB-2AF12E51B21E}.G2A|x86.ActiveCfg = G2A|Win32
		{01770843-C1EF-4E45-BCCB-2AF12E51B21E}.G2A|x86.Build.0 = G2A|Win32
		{01770843-C1EF-4E45-BCCB-2AF12E51B21E}.G2Ad|x86.ActiveCfg = G2Ad|Win32
		{01770843-C1EF-4E45-BCCB-2AF12E51B21E}.G2Ad|x86.Build.0 = G2Ad|Win32
		{01770843-C1EF-4E45-BCCB-2AF12E51B21E}.G2d|x86.ActiveCfg = G2d|Win32
		{01770843-C1EF-4E45-BCCB-2AF12E51B21E}.G2d|x86.Build.0 = G2d|Win32
		{01770843-C1EF-4E45-BCCB-2AF12E51B21E}.MPx2|x86.ActiveCfg = MPx4|Win32
		{01770843-C1EF-4E45-BCCB-2AF12E51B21E}.MPx2|x86.Build.0 = MPx4|Win32
		{01770843-C1EF-4E45-BCCB-2AF12E51B21E}.MPx2d|x86.ActiveCfg = MPx2d|Win32
		{01770843-C1EF-4E45-BCCB-2AF12E51B21E}.MPx2d|x86.Build.0 = MPx2d|Win32
		{01770843-C1EF-4E45-BCCB-2AF12E51B21E}.MPx4|x86.ActiveCfg = MPx4|Win32
		{01770843-C1EF-4E45-BCCB-2AF12E51B21E}.MPx4|x86.Build.0 = MPx4|Win32
		{01770843-C1EF-4E45-BCCB-2AF12E51B21E}.MPx4d|x86.ActiveCfg = MPx4d|Win32
		{01770843-C1EF-4E45-BCCB-2AF12E51B21E}.MPx4d|x86.Build.0 = MPx4d|Win32
		{ED3E829D-4EF8-4F4D-96B1-D0A6DB17C2A0}.G1|x86.ActiveCfg = G1|Win32
		{ED3E829D-4EF8-4F4D-96B1-D0A6DB17C2A0}.G1|x86.Build.0 = G1|Win32
		{ED3E829D-4EF8-4F4D-96B1-D0A6DB17C2A0}.G1A|x86.ActiveCfg = G1A|Win32
		{ED3E829D-4EF8-4F4D-96B1-D0A6DB17C2A0}.G1A|x86.Build.0 = G1A|Win32
		{ED3E829D-4EF8-4F4D-96B1-D0A6DB17C2A0}.G1Ad|x86.ActiveCfg = G1Ad|Win32
		{ED3E829D-4EF8-4F4D-96B1-D0A6DB17C2A0}.G1Ad|x86.Build.0 = G1Ad|Win32
		{ED3E829D-4EF8-4F4D-96B1-D0A6DB17C2A0}.G1d|x86.ActiveCfg = G1d|Win32
		{ED3E829D-4EF8-4F4D-96B1-D0A6DB17C2A0}.G1d|x86.Build.0 = G1d|Win32
		{ED3E829D-4EF8-4F4D-96B1-D0A6DB17C2A0}.G2|x86.ActiveCfg = G2|Win32
		{ED3E829D-4EF8-4F4D-96B1-D0A6DB17C2A0}.G2|x86.Build.0 = G2|Win32
		{ED3E829D-4EF8-4F4D-96B1-D0A6DB17C2A0}.G2A|x86.ActiveCfg = G2A|Win32
		{ED3E829D-4EF8-4F4D-96B1-D0A6DB17C2A0}.G2A|x86.Build.0 = G2A|Win32
		{ED3E829D-4EF8-4F4D-96B1-D0A6DB17C2A0}.G2Ad|x86.ActiveCfg = G2Ad|Win32
		{ED3E829D-4EF8-4F4D-96B1-D0A6DB17C2A0}.G2Ad|x86.Build.0 = G2Ad|Win32
		{ED3E829D-4EF8-4F4D-96B1-D0A6DB17C2A0}.G2d|x86.ActiveCfg = G2d|Win32
		{ED3E829D-4EF8-4F4D-96B1-D0A6DB17C2A0}.G2d|x86.Build.0 = G2d|Win32
		{ED3E829D-4EF8-4F4D-96B1-D0A6DB17C2A0}.MPx2|x86.ActiveCfg = MPx4|Win32
		{ED3E829D-4EF8-4F4D-96B1-D0A6DB17C2A0}.MPx2|x86.Build.0 = MPx4|Win32
		{ED3E829D-4EF8-4F4D-96B1-D0A6DB17C2A0}.MPx2d|x86.ActiveCfg = MPx2d|Win32
		{ED3E829D-4EF8-4F4D-96B1-D0A6DB17C2A0}.MPx2d|x86.Build.0 = MPx2d|Win32
		{ED3E829D-4EF8-4F4D-96B1-D0A6DB17C2A0}.MPx4|x86.ActiveCfg = MPx4|Win32
		{ED3E829D-4EF8-4F4D-96B1-D0A6DB17C2A0}.MPx4|x86.Build.0 = MPx4|Win32
		{ED3E829D-4EF8-4F4D-96B1-D0A6DB17C2A0}.MPx4d|x86.ActiveCfg = MPx4d|Win32
		{ED3E829D-4EF8-4F4D-96B1-D0A6DB17C2A0}.MPx4d|x86.Build.0 = MPx4d|Win32
		{FABDB77B-39C0-4DF7-99DA-44536E05275B}.G1|x86.ActiveCfg = G1|Win32
		{FABDB77B-39C0-4DF7-99DA-44536E05275B}.G1|x86.Build.0 = G1|Win32
		{FABDB77B-39C0-4DF7-99DA-44536E05275B}.G1A|x86.ActiveCfg = G1A|Win32
		{FABDB77B-39C0-4DF7-99DA-44536E05275B}.G1A|x86.Build.0 = G1A|Win32
		{FABDB77B-39C0-4DF7-99DA-44536E05275B}.G1Ad|x86.ActiveCfg = G1Ad|Win32
		{FABDB77B-39C0-4DF7-99DA-44536E05275B}.G1Ad|x86.Build.0 = G1Ad|Win32
		{FABDB77B-39C0-4DF7-99DA-44536E05275B}.G1d|x86.ActiveCfg = G1d|Win32
		{FABDB77B-39C0-4DF7-99DA-44536E05275B}.G1d|x86.Build.0 = G1d|Win32
		{FABDB77B-39C0-4DF7-99DA-44536E05275B}.G2|x86.ActiveCfg = G2|Win32
		{FABDB77B-39C0-4DF7-99DA-44536E05275B}.G2|x86.Build.0 = G2|Win32
		{FABDB77B-39C0-4DF7-99DA-44536E05275B}.G2A|x86.ActiveCfg = G2A|Win32
		{FABDB77B-39C0-4DF7-99DA-44536E05275B}.G2A|x86.Build.0 = G2A|Win32
		{FABDB77B-39C0-4DF7-99DA-44536E05275B}.G2Ad|x86.ActiveCfg = G2Ad|Win32
		{FABDB77B-39C0-4DF7-99DA-44536E05275B}.G2Ad|x86.Build.0 = G2Ad|Win32
		{FABDB77B-39C0-4DF7-99DA-44536E05275B}.G2d|x86.ActiveCfg = G2d|Win32
		{FABDB77B-39C0-4DF7-99DA-44536E05275B}.G2d|x86.Build.0 = G2d|Win32
		{FABDB77B-39C0-4DF7-99DA-44536E05275B}.MPx2|x86.ActiveCfg = MPx2|Win32
		{FABDB77B-39C0-4DF7-99DA-44536E05275B}.MPx2|x86.Build.0 = MPx2|Win32
		{FABDB77B-39C0-4DF7-99DA-44536E05275B}.MPx2d|x86.ActiveCfg = MPx2d|Win32
		{FABDB77B-39C0-4DF7-99DA-44536E05275B}.MPx2d|x86.Build.0 = MPx2d|Win32
		{FABDB77B-39C0-4DF7-99DA-44536E05275B}.MPx4|x86.ActiveCfg = MPx2|Win32
		{FABDB77B-39C0-4DF7-99DA-44536E05275B}.MPx4|x86.Build.0 = MPx2|Win32
		{FABDB77B-39C0-4DF7-99DA-44536E05275B}.MPx4d|x86.ActiveCfg = MPx4d|Win32
		{FABDB77B-39C0-4DF7-99DA-44536E05275B}.MPx4d|x86.Build.0 = MPx4d|Win32
		{DBB4EF7F-E1E3-44AF-A60B-08967A8930C9}.G1|x86.ActiveCfg = G1|Win32
		{DBB4EF7F-E1E3-44AF-A60B-08967A8930C9}.G1|x86.Build.0 = G1|Win32
		{DBB4EF7F-E1E3-44AF-A60B-08967A8930C9}.G1A|x86.ActiveCfg = G1A|Win32
		{DBB4EF7F-E1E3-44AF-A60B-08967A8930C9}.G1A|x86.Build.0 = G1A|Win32
		{DBB4EF7F-E1E3-44AF-A60B-08967A8930C9}.G1Ad|x86.ActiveCfg = G1Ad|Win32
		{DBB4EF7F-E1E3-44AF-A60B-08967A8930C9}.G1Ad|x86.Build.0 = G1Ad|Win32
		{DBB4EF7F-E1E3-44AF-A60B-08967A8930C9}.G1d|x86.ActiveCfg = G1d|Win32
		{DBB4EF7F-E1E3-44AF-A60B-08967A8930C9}.G1d|x86.Build.0 = G1d|Win32
		{DBB4EF7F-E1E3-44AF-A60B-08967A8930C9}.G2|x86.ActiveCfg = G2|Win32
		{DBB4EF7F-E1E3-44AF-A60B-08967A8930C9}.G2|x86.Build.0 = G2|Win32
		{DBB4EF7F-E1E3-44AF-A60B-08967A8930C9}.G2A|x86.ActiveCfg = G2A|Win32
		{DBB4EF7F-E1E3-44AF-A60B-08967A8930C9}.G2A|x86.Build.0 = G2A|Win32
		{DBB4EF7F-E1E3-44AF-A60B-08967A8930C9}.G2Ad|x86.ActiveCfg = G2Ad|Win32
		{DBB4EF7F-E1E3-44AF-A60B-08967A8930C9}.G2Ad|x86.Build.0 = G2Ad|Win32
		{DBB4EF7F-E1E3-44AF-A60B-08967A8930C9}.G2d|x86.ActiveCfg = G2d|Win32
		{DBB4EF7F-E1E3-44AF-A60B-08967A8930C9}.G2d|x86.Build.0 = G2d|Win32
		{DBB4EF7F-E1E3-44AF-A60B-08967A8930C9}.MPx2|x86.ActiveCfg = MPx2|Win32
		{DBB4EF7F-E1E3-44AF-A60B-08967A8930C9}.MPx2|x86.Build.0 = MPx2|Win32
		{DBB4EF7F-E1E3-44AF-A60B-08967A8930C9}.MPx2d|x86.ActiveCfg = MPx2d|Win32
		{DBB4EF7F-E1E3-44AF-A60B-08967A8930C9}.MPx2d|x86.Build.0 = MPx2d|Win32
		{DBB4EF7F-E1E3-44AF-A60B-08967A8930C9}.MPx4|x86.ActiveCfg = MPx4|Win32
		{DBB4EF7F-E1E3-44AF-A60B-08967A8930C9}.MPx4|x86.Build.0 = MPx4|Win32
		{DBB4EF7F-E1E3-44AF-A60B-08967A8930C9}.MPx4d|x86.ActiveCfg = MPx4d|Win32
		{DBB4EF7F-E1E3-44AF-A60B-08967A8930C9}.MPx4d|x86.Build.0 = MPx4d|Win32
		{15B336CE-D974-457F-9FE0-BD1D0F094690}.G1|x86.ActiveCfg = G1|Win32
		{15B336CE-D974-457F-9FE0-BD1D0F094690}.G1|x86.Build.0 = G1|Win32
		{15B336CE-D974-457F-9FE0-BD1D0F094690}.G1A|x86.ActiveCfg = G1A|Win32
		{15B336CE-D974-457F-9FE0-BD1D0F094690}.G1A|x86.Build.0 = G1A|Win32
		{15B336CE-D974-457F-9FE0-BD1D0F094690}.G1Ad|x86.ActiveCfg = G1Ad|Win32
		{15B336CE-D974-457F-9FE0-BD1D0F094690}.G1Ad|x86.Build.0 = G1Ad|Win32
		{15B336CE-D974-457F-9FE0-BD1D0F094690}.G1d|x86.ActiveCfg = G1d|Win32
		{15B336CE-D974-457F-9FE0-BD1D0F094690}.G1d|x86.Build.0 = G1d|Win32
		{15B336CE-D974-457F-9FE0-BD1D0F094690}.G2|x86.ActiveCfg = G2|Win32
		{15B336CE-D974-457F-9FE0-BD1D0F094690}.G2|x86.Build.0 = G2|Win32
		{15B336CE-D974-457F-9FE0-BD1D0F094690}.G2A|x86.ActiveCfg = G2A|Win32
		{15B336CE-D974-457F-9FE0-BD1D0F094690}.G2A|x86.Build.0 = G2A|Win32
		{15B336CE-D974-457F-9FE0-BD1D0F094690}.G2Ad|x86.ActiveCfg = G2Ad|Win32
		{15B336CE-D974-457F-9FE0-BD1D0F094690}.G2Ad|x86.Build.0 = G2Ad|Win32
		{15B336CE-D974-457F-9FE0-BD1D0F094690}.G2d|x86.ActiveCfg = G2d|Win32
		{15B336CE-D974-457F-9FE0-BD1D0F094690}.G2d|x86.Build.0 = G2d|Win32
		{15B336CE-D974-457F-9FE0-BD1D0F094690}.MPx2|x86.ActiveCfg = MPx2|Win32
		{15B336CE-D974-457F-9FE0-BD1D0F094690}.MPx2|x86.Build.0 = MPx2|Win32
		{15B336CE-D974-457F-9FE0-BD1D0F094690}.MPx2d|x86.ActiveCfg = MPx2d|Win32
		{15B336CE-D974-457F-9FE0-BD1D0F094690}.MPx2d|x86.Build.0 = MPx2d|Win32
		{15B336CE-D974-457F-9FE0-BD1D0F094690}.MPx4|x86.ActiveCfg = MPx4|Win32
		{15B336CE-D974-457F-9FE0-BD1D0F094690}.MPx4|x86.Build.0 = MPx4|Win32
		{15B336CE-D974-457F-9FE0-BD1D0F094690}.MPx4d|x86.ActiveCfg = MPx4d|Win32
		{15B336CE-D974-457F-9FE0-BD1D0F094690}.MPx4d|x86.Build.0 = MPx4d|Win32
	EndGlobalSection
	GlobalSection(SolutionProperties) = preSolution
		HideSolutionNode = FALSE
	EndGlobalSection
	GlobalSection(ExtensibilityGlobals) = postSolution
		SolutionGuid = {02784A98-0AC0-45CD-AECD-E5759BA7C5CC}
	EndGlobalSection
EndGlobal
